
Microsoft Visual Studio Solution File, Format Version 12.00
# Visual Studio 15
VisualStudioVersion = 15.0.27703.2000
MinimumVisualStudioVersion = 10.0.40219.1
Project("{FAE04EC0-301F-11D3-BF4B-00C04F79EFBC}") = "VirtualPet", "VirtualPet\VirtualPet.csproj", "{651A1C98-C1DF-49EC-BAF4-979D078C9EF6}"
EndProject
Global
	GlobalSection(SolutionConfigurationPlatforms) = preSolution
		Debug|Any CPU = Debug|Any CPU
		Release|Any CPU = Release|Any CPU
	EndGlobalSection
	GlobalSection(ProjectConfigurationPlatforms) = postSolution
		{651A1C98-C1DF-49EC-BAF4-979D078C9EF6}.Debug|Any CPU.ActiveCfg = Debug|Any CPU
		{651A1C98-C1DF-49EC-BAF4-979D078C9EF6}.Debug|Any CPU.Build.0 = Debug|Any CPU
		{651A1C98-C1DF-49EC-BAF4-979D078C9EF6}.Release|Any CPU.ActiveCfg = Release|Any CPU
		{651A1C98-C1DF-49EC-BAF4-979D078C9EF6}.Release|Any CPU.Build.0 = Release|Any CPU
	EndGlobalSection
	GlobalSection(SolutionProperties) = preSolution
		HideSolutionNode = FALSE
	EndGlobalSection
	GlobalSection(ExtensibilityGlobals) = postSolution
		SolutionGuid = {26D13D45-ACC8-4F42-80A7-EB47F990DA3F}
	EndGlobalSection
EndGlobal
